
Microsoft Visual Studio Solution File, Format Version 12.00
# Visual Studio Version 17
VisualStudioVersion = 17.8.34525.116
MinimumVisualStudioVersion = 10.0.40219.1
Project("{FAE04EC0-301F-11D3-BF4B-00C04F79EFBC}") = "MyWebApI.API", "MyWebApI.API\MyWebApI.API.csproj", "{86CC59EF-5269-4991-8E5F-7FEFF9F3D186}"
EndProject
Global
	GlobalSection(SolutionConfigurationPlatforms) = preSolution
		Debug|Any CPU = Debug|Any CPU
		Release|Any CPU = Release|Any CPU
	EndGlobalSection
	GlobalSection(ProjectConfigurationPlatforms) = postSolution
		{86CC59EF-5269-4991-8E5F-7FEFF9F3D186}.Debug|Any CPU.ActiveCfg = Debug|Any CPU
		{86CC59EF-5269-4991-8E5F-7FEFF9F3D186}.Debug|Any CPU.Build.0 = Debug|Any CPU
		{86CC59EF-5269-4991-8E5F-7FEFF9F3D186}.Release|Any CPU.ActiveCfg = Release|Any CPU
		{86CC59EF-5269-4991-8E5F-7FEFF9F3D186}.Release|Any CPU.Build.0 = Release|Any CPU
	EndGlobalSection
	GlobalSection(SolutionProperties) = preSolution
		HideSolutionNode = FALSE
	EndGlobalSection
	GlobalSection(ExtensibilityGlobals) = postSolution
		SolutionGuid = {29A7794F-61A7-4625-BD8B-D0451854322A}
	EndGlobalSection
EndGlobal
